
Microsoft Visual Studio Solution File, Format Version 12.00
# Visual Studio Version 17
VisualStudioVersion = 17.13.35931.197 d17.13
MinimumVisualStudioVersion = 10.0.40219.1
Project("{FAE04EC0-301F-11D3-BF4B-00C04F79EFBC}") = "DttLesson02", "DttLesson02\DttLesson02.csproj", "{BE9F497F-E886-4F0B-A1DD-8A807DDF3ED4}"
EndProject
Global
	GlobalSection(SolutionConfigurationPlatforms) = preSolution
		Debug|Any CPU = Debug|Any CPU
		Release|Any CPU = Release|Any CPU
	EndGlobalSection
	GlobalSection(ProjectConfigurationPlatforms) = postSolution
		{BE9F497F-E886-4F0B-A1DD-8A807DDF3ED4}.Debug|Any CPU.ActiveCfg = Debug|Any CPU
		{BE9F497F-E886-4F0B-A1DD-8A807DDF3ED4}.Debug|Any CPU.Build.0 = Debug|Any CPU
		{BE9F497F-E886-4F0B-A1DD-8A807DDF3ED4}.Release|Any CPU.ActiveCfg = Release|Any CPU
		{BE9F497F-E886-4F0B-A1DD-8A807DDF3ED4}.Release|Any CPU.Build.0 = Release|Any CPU
	EndGlobalSection
	GlobalSection(SolutionProperties) = preSolution
		HideSolutionNode = FALSE
	EndGlobalSection
	GlobalSection(ExtensibilityGlobals) = postSolution
		SolutionGuid = {841963C5-F78B-4748-90C2-ADE0831C364C}
	EndGlobalSection
EndGlobal
