
Microsoft Visual Studio Solution File, Format Version 12.00
# Visual Studio Version 17
VisualStudioVersion = 17.13.35931.197 d17.13
MinimumVisualStudioVersion = 10.0.40219.1
Project("{FAE04EC0-301F-11D3-BF4B-00C04F79EFBC}") = "DttLesson05", "DttLesson05\DttLesson05.csproj", "{1A312D54-315D-4B4A-A570-53ABBBAE2099}"
EndProject
Global
	GlobalSection(SolutionConfigurationPlatforms) = preSolution
		Debug|Any CPU = Debug|Any CPU
		Release|Any CPU = Release|Any CPU
	EndGlobalSection
	GlobalSection(ProjectConfigurationPlatforms) = postSolution
		{1A312D54-315D-4B4A-A570-53ABBBAE2099}.Debug|Any CPU.ActiveCfg = Debug|Any CPU
		{1A312D54-315D-4B4A-A570-53ABBBAE2099}.Debug|Any CPU.Build.0 = Debug|Any CPU
		{1A312D54-315D-4B4A-A570-53ABBBAE2099}.Release|Any CPU.ActiveCfg = Release|Any CPU
		{1A312D54-315D-4B4A-A570-53ABBBAE2099}.Release|Any CPU.Build.0 = Release|Any CPU
	EndGlobalSection
	GlobalSection(SolutionProperties) = preSolution
		HideSolutionNode = FALSE
	EndGlobalSection
	GlobalSection(ExtensibilityGlobals) = postSolution
		SolutionGuid = {AB8A0087-8FF0-41BF-9111-6CCBAF23A374}
	EndGlobalSection
EndGlobal
