
Microsoft Visual Studio Solution File, Format Version 12.00
# Visual Studio Version 17
VisualStudioVersion = 17.14.36414.22 d17.14
MinimumVisualStudioVersion = 10.0.40219.1
Project("{FAE04EC0-301F-11D3-BF4B-00C04F79EFBC}") = "NemeShop", "NemeShop.csproj", "{6AB1AC76-7761-482F-BEA7-702D39A8600F}"
EndProject
Global
	GlobalSection(SolutionConfigurationPlatforms) = preSolution
		Debug|Any CPU = Debug|Any CPU
		Release|Any CPU = Release|Any CPU
	EndGlobalSection
	GlobalSection(ProjectConfigurationPlatforms) = postSolution
		{6AB1AC76-7761-482F-BEA7-702D39A8600F}.Debug|Any CPU.ActiveCfg = Debug|Any CPU
		{6AB1AC76-7761-482F-BEA7-702D39A8600F}.Debug|Any CPU.Build.0 = Debug|Any CPU
		{6AB1AC76-7761-482F-BEA7-702D39A8600F}.Release|Any CPU.ActiveCfg = Release|Any CPU
		{6AB1AC76-7761-482F-BEA7-702D39A8600F}.Release|Any CPU.Build.0 = Release|Any CPU
	EndGlobalSection
	GlobalSection(SolutionProperties) = preSolution
		HideSolutionNode = FALSE
	EndGlobalSection
	GlobalSection(ExtensibilityGlobals) = postSolution
		SolutionGuid = {8B570A39-89EA-490B-8480-7246AFC8203C}
	EndGlobalSection
EndGlobal
